// !$*UTF8*$!
{
	archiveVersion = 1;
	classes = {
	};
	objectVersion = 46;
	objects = {

/* Begin PBXBuildFile section */
		D2232C0A1D03EC7D00236795 /* AppDelegate.swift in Sources */ = {isa = PBXBuildFile; fileRef = D2232C091D03EC7D00236795 /* AppDelegate.swift */; };
		D2232C0C1D03EC7D00236795 /* ViewController.swift in Sources */ = {isa = PBXBuildFile; fileRef = D2232C0B1D03EC7D00236795 /* ViewController.swift */; };
		D2232C0F1D03EC7D00236795 /* Main.storyboard in Resources */ = {isa = PBXBuildFile; fileRef = D2232C0D1D03EC7D00236795 /* Main.storyboard */; };
		D2232C111D03EC7D00236795 /* Assets.xcassets in Resources */ = {isa = PBXBuildFile; fileRef = D2232C101D03EC7D00236795 /* Assets.xcassets */; };
		D2232C141D03EC7D00236795 /* LaunchScreen.storyboard in Resources */ = {isa = PBXBuildFile; fileRef = D2232C121D03EC7D00236795 /* LaunchScreen.storyboard */; };
		D230E74D1D164B6200E91A69 /* pad-icon.png in Resources */ = {isa = PBXBuildFile; fileRef = D230E74C1D164B6200E91A69 /* pad-icon.png */; };
		D230E7501D164DD200E91A69 /* help-icon.png in Resources */ = {isa = PBXBuildFile; fileRef = D230E74E1D164DD200E91A69 /* help-icon.png */; };
		D230E7511D164DD200E91A69 /* settings-icon.png in Resources */ = {isa = PBXBuildFile; fileRef = D230E74F1D164DD200E91A69 /* settings-icon.png */; };
		D23FD60F1D1B9505005547CB /* play.png in Resources */ = {isa = PBXBuildFile; fileRef = D23FD60C1D1B9505005547CB /* play.png */; };
		D23FD6101D1B9505005547CB /* record.png in Resources */ = {isa = PBXBuildFile; fileRef = D23FD60D1D1B9505005547CB /* record.png */; };
		D23FD6111D1B9505005547CB /* square.png in Resources */ = {isa = PBXBuildFile; fileRef = D23FD60E1D1B9505005547CB /* square.png */; };
/* End PBXBuildFile section */

/* Begin PBXFileReference section */
		D2232C061D03EC7C00236795 /* iradix.app */ = {isa = PBXFileReference; explicitFileType = wrapper.application; includeInIndex = 0; path = iradix.app; sourceTree = BUILT_PRODUCTS_DIR; };
		D2232C091D03EC7D00236795 /* AppDelegate.swift */ = {isa = PBXFileReference; lastKnownFileType = sourcecode.swift; path = AppDelegate.swift; sourceTree = "<group>"; };
		D2232C0B1D03EC7D00236795 /* ViewController.swift */ = {isa = PBXFileReference; lastKnownFileType = sourcecode.swift; path = ViewController.swift; sourceTree = "<group>"; };
		D2232C0E1D03EC7D00236795 /* Base */ = {isa = PBXFileReference; lastKnownFileType = file.storyboard; name = Base; path = Base.lproj/Main.storyboard; sourceTree = "<group>"; };
		D2232C101D03EC7D00236795 /* Assets.xcassets */ = {isa = PBXFileReference; lastKnownFileType = folder.assetcatalog; path = Assets.xcassets; sourceTree = "<group>"; };
		D2232C131D03EC7D00236795 /* Base */ = {isa = PBXFileReference; lastKnownFileType = file.storyboard; name = Base; path = Base.lproj/LaunchScreen.storyboard; sourceTree = "<group>"; };
		D2232C151D03EC7D00236795 /* Info.plist */ = {isa = PBXFileReference; lastKnownFileType = text.plist.xml; path = Info.plist; sourceTree = "<group>"; };
		D230E74C1D164B6200E91A69 /* pad-icon.png */ = {isa = PBXFileReference; lastKnownFileType = image.png; path = "pad-icon.png"; sourceTree = "<group>"; };
		D230E74E1D164DD200E91A69 /* help-icon.png */ = {isa = PBXFileReference; lastKnownFileType = image.png; path = "help-icon.png"; sourceTree = "<group>"; };
		D230E74F1D164DD200E91A69 /* settings-icon.png */ = {isa = PBXFileReference; lastKnownFileType = image.png; path = "settings-icon.png"; sourceTree = "<group>"; };
		D23FD60C1D1B9505005547CB /* play.png */ = {isa = PBXFileReference; lastKnownFileType = image.png; path = play.png; sourceTree = "<group>"; };
		D23FD60D1D1B9505005547CB /* record.png */ = {isa = PBXFileReference; lastKnownFileType = image.png; path = record.png; sourceTree = "<group>"; };
		D23FD60E1D1B9505005547CB /* square.png */ = {isa = PBXFileReference; lastKnownFileType = image.png; path = square.png; sourceTree = "<group>"; };
/* End PBXFileReference section */

/* Begin PBXFrameworksBuildPhase section */
		D2232C031D03EC7C00236795 /* Frameworks */ = {
			isa = PBXFrameworksBuildPhase;
			buildActionMask = 2147483647;
			files = (
			);
			runOnlyForDeploymentPostprocessing = 0;
		};
/* End PBXFrameworksBuildPhase section */

/* Begin PBXGroup section */
		D2232BFD1D03EC7C00236795 = {
			isa = PBXGroup;
			children = (
				D2232C081D03EC7D00236795 /* iradix */,
				D2232C071D03EC7C00236795 /* Products */,
			);
			sourceTree = "<group>";
		};
		D2232C071D03EC7C00236795 /* Products */ = {
			isa = PBXGroup;
			children = (
				D2232C061D03EC7C00236795 /* iradix.app */,
			);
			name = Products;
			sourceTree = "<group>";
		};
		D2232C081D03EC7D00236795 /* iradix */ = {
			isa = PBXGroup;
			children = (
				D23FD60C1D1B9505005547CB /* play.png */,
				D23FD60D1D1B9505005547CB /* record.png */,
				D23FD60E1D1B9505005547CB /* square.png */,
				D230E74E1D164DD200E91A69 /* help-icon.png */,
				D230E74F1D164DD200E91A69 /* settings-icon.png */,
				D230E74C1D164B6200E91A69 /* pad-icon.png */,
				D2232C091D03EC7D00236795 /* AppDelegate.swift */,
				D2232C0B1D03EC7D00236795 /* ViewController.swift */,
				D2232C0D1D03EC7D00236795 /* Main.storyboard */,
				D2232C101D03EC7D00236795 /* Assets.xcassets */,
				D2232C121D03EC7D00236795 /* LaunchScreen.storyboard */,
				D2232C151D03EC7D00236795 /* Info.plist */,
			);
			path = iradix;
			sourceTree = "<group>";
		};
/* End PBXGroup section */

/* Begin PBXNativeTarget section */
		D2232C051D03EC7C00236795 /* iradix */ = {
			isa = PBXNativeTarget;
			buildConfigurationList = D2232C181D03EC7D00236795 /* Build configuration list for PBXNativeTarget "iradix" */;
			buildPhases = (
				D2232C021D03EC7C00236795 /* Sources */,
				D2232C031D03EC7C00236795 /* Frameworks */,
				D2232C041D03EC7C00236795 /* Resources */,
			);
			buildRules = (
			);
			dependencies = (
			);
			name = iradix;
			productName = iradix;
			productReference = D2232C061D03EC7C00236795 /* iradix.app */;
			productType = "com.apple.product-type.application";
		};
/* End PBXNativeTarget section */

/* Begin PBXProject section */
		D2232BFE1D03EC7C00236795 /* Project object */ = {
			isa = PBXProject;
			attributes = {
				LastSwiftUpdateCheck = 0730;
				LastUpgradeCheck = 0730;
				ORGANIZATIONNAME = "Scott Metoyer";
				TargetAttributes = {
					D2232C051D03EC7C00236795 = {
						CreatedOnToolsVersion = 7.3.1;
					};
				};
			};
			buildConfigurationList = D2232C011D03EC7C00236795 /* Build configuration list for PBXProject "iradix" */;
			compatibilityVersion = "Xcode 3.2";
			developmentRegion = English;
			hasScannedForEncodings = 0;
			knownRegions = (
				en,
				Base,
			);
			mainGroup = D2232BFD1D03EC7C00236795;
			productRefGroup = D2232C071D03EC7C00236795 /* Products */;
			projectDirPath = "";
			projectRoot = "";
			targets = (
				D2232C051D03EC7C00236795 /* iradix */,
			);
		};
/* End PBXProject section */

/* Begin PBXResourcesBuildPhase section */
		D2232C041D03EC7C00236795 /* Resources */ = {
			isa = PBXResourcesBuildPhase;
			buildActionMask = 2147483647;
			files = (
				D23FD60F1D1B9505005547CB /* play.png in Resources */,
				D23FD6111D1B9505005547CB /* square.png in Resources */,
				D230E74D1D164B6200E91A69 /* pad-icon.png in Resources */,
				D230E7511D164DD200E91A69 /* settings-icon.png in Resources */,
				D2232C141D03EC7D00236795 /* LaunchScreen.storyboard in Resources */,
				D23FD6101D1B9505005547CB /* record.png in Resources */,
				D2232C111D03EC7D00236795 /* Assets.xcassets in Resources */,
				D2232C0F1D03EC7D00236795 /* Main.storyboard in Resources */,
				D230E7501D164DD200E91A69 /* help-icon.png in Resources */,
			);
			runOnlyForDeploymentPostprocessing = 0;
		};
/* End PBXResourcesBuildPhase section */

/* Begin PBXSourcesBuildPhase section */
		D2232C021D03EC7C00236795 /* Sources */ = {
			isa = PBXSourcesBuildPhase;
			buildActionMask = 2147483647;
			files = (
				D2232C0C1D03EC7D00236795 /* ViewController.swift in Sources */,
				D2232C0A1D03EC7D00236795 /* AppDelegate.swift in Sources */,
			);
			runOnlyForDeploymentPostprocessing = 0;
		};
/* End PBXSourcesBuildPhase section */

/* Begin PBXVariantGroup section */
		D2232C0D1D03EC7D00236795 /* Main.storyboard */ = {
			isa = PBXVariantGroup;
			children = (
				D2232C0E1D03EC7D00236795 /* Base */,
			);
			name = Main.storyboard;
			sourceTree = "<group>";
		};
		D2232C121D03EC7D00236795 /* LaunchScreen.storyboard */ = {
			isa = PBXVariantGroup;
			children = (
				D2232C131D03EC7D00236795 /* Base */,
			);
			name = LaunchScreen.storyboard;
			sourceTree = "<group>";
		};
/* End PBXVariantGroup section */

/* Begin XCBuildConfiguration section */
		D2232C161D03EC7D00236795 /* Debug */ = {
			isa = XCBuildConfiguration;
			buildSettings = {
				ALWAYS_SEARCH_USER_PATHS = NO;
				CLANG_ANALYZER_NONNULL = YES;
				CLANG_CXX_LANGUAGE_STANDARD = "gnu++0x";
				CLANG_CXX_LIBRARY = "libc++";
				CLANG_ENABLE_MODULES = YES;
				CLANG_ENABLE_OBJC_ARC = YES;
				CLANG_WARN_BOOL_CONVERSION = YES;
				CLANG_WARN_CONSTANT_CONVERSION = YES;
				CLANG_WARN_DIRECT_OBJC_ISA_USAGE = YES_ERROR;
				CLANG_WARN_EMPTY_BODY = YES;
				CLANG_WARN_ENUM_CONVERSION = YES;
				CLANG_WARN_INT_CONVERSION = YES;
				CLANG_WARN_OBJC_ROOT_CLASS = YES_ERROR;
				CLANG_WARN_UNREACHABLE_CODE = YES;
				CLANG_WARN__DUPLICATE_METHOD_MATCH = YES;
				"CODE_SIGN_IDENTITY[sdk=iphoneos*]" = "iPhone Developer";
				COPY_PHASE_STRIP = NO;
				DEBUG_INFORMATION_FORMAT = dwarf;
				ENABLE_STRICT_OBJC_MSGSEND = YES;
				ENABLE_TESTABILITY = YES;
				GCC_C_LANGUAGE_STANDARD = gnu99;
				GCC_DYNAMIC_NO_PIC = NO;
				GCC_NO_COMMON_BLOCKS = YES;
				GCC_OPTIMIZATION_LEVEL = 0;
				GCC_PREPROCESSOR_DEFINITIONS = (
					"DEBUG=1",
					"$(inherited)",
				);
				GCC_WARN_64_TO_32_BIT_CONVERSION = YES;
				GCC_WARN_ABOUT_RETURN_TYPE = YES_ERROR;
				GCC_WARN_UNDECLARED_SELECTOR = YES;
				GCC_WARN_UNINITIALIZED_AUTOS = YES_AGGRESSIVE;
				GCC_WARN_UNUSED_FUNCTION = YES;
				GCC_WARN_UNUSED_VARIABLE = YES;
				IPHONEOS_DEPLOYMENT_TARGET = 9.3;
				MTL_ENABLE_DEBUG_INFO = YES;
				ONLY_ACTIVE_ARCH = YES;
				SDKROOT = iphoneos;
				SWIFT_OPTIMIZATION_LEVEL = "-Onone";
				TARGETED_DEVICE_FAMILY = "1,2";
			};
			name = Debug;
		};
		D2232C171D03EC7D00236795 /* Release */ = {
			isa = XCBuildConfiguration;
			buildSettings = {
				ALWAYS_SEARCH_USER_PATHS = NO;
				CLANG_ANALYZER_NONNULL = YES;
				CLANG_CXX_LANGUAGE_STANDARD = "gnu++0x";
				CLANG_CXX_LIBRARY = "libc++";
				CLANG_ENABLE_MODULES = YES;
				CLANG_ENABLE_OBJC_ARC = YES;
				CLANG_WARN_BOOL_CONVERSION = YES;
				CLANG_WARN_CONSTANT_CONVERSION = YES;
				CLANG_WARN_DIRECT_OBJC_ISA_USAGE = YES_ERROR;
				CLANG_WARN_EMPTY_BODY = YES;
				CLANG_WARN_ENUM_CONVERSION = YES;
				CLANG_WARN_INT_CONVERSION = YES;
				CLANG_WARN_OBJC_ROOT_CLASS = YES_ERROR;
				CLANG_WARN_UNREACHABLE_CODE = YES;
				CLANG_WARN__DUPLICATE_METHOD_MATCH = YES;
				"CODE_SIGN_IDENTITY[sdk=iphoneos*]" = "iPhone Developer";
				COPY_PHASE_STRIP = NO;
				DEBUG_INFORMATION_FORMAT = "dwarf-with-dsym";
				ENABLE_NS_ASSERTIONS = NO;
				ENABLE_STRICT_OBJC_MSGSEND = YES;
				GCC_C_LANGUAGE_STANDARD = gnu99;
				GCC_NO_COMMON_BLOCKS = YES;
				GCC_WARN_64_TO_32_BIT_CONVERSION = YES;
				GCC_WARN_ABOUT_RETURN_TYPE = YES_ERROR;
				GCC_WARN_UNDECLARED_SELECTOR = YES;
				GCC_WARN_UNINITIALIZED_AUTOS = YES_AGGRESSIVE;
				GCC_WARN_UNUSED_FUNCTION = YES;
				GCC_WARN_UNUSED_VARIABLE = YES;
				IPHONEOS_DEPLOYMENT_TARGET = 9.3;
				MTL_ENABLE_DEBUG_INFO = NO;
				SDKROOT = iphoneos;
				TARGETED_DEVICE_FAMILY = "1,2";
				VALIDATE_PRODUCT = YES;
			};
			name = Release;
		};
		D2232C191D03EC7D00236795 /* Debug */ = {
			isa = XCBuildConfiguration;
			buildSettings = {
				ASSETCATALOG_COMPILER_APPICON_NAME = AppIcon;
				INFOPLIST_FILE = iradix/Info.plist;
				LD_RUNPATH_SEARCH_PATHS = "$(inherited) @executable_path/Frameworks";
				PRODUCT_BUNDLE_IDENTIFIER = com.scottmetoyer.iradix;
				PRODUCT_NAME = "$(TARGET_NAME)";
			};
			name = Debug;
		};
		D2232C1A1D03EC7D00236795 /* Release */ = {
			isa = XCBuildConfiguration;
			buildSettings = {
				ASSETCATALOG_COMPILER_APPICON_NAME = AppIcon;
				INFOPLIST_FILE = iradix/Info.plist;
				LD_RUNPATH_SEARCH_PATHS = "$(inherited) @executable_path/Frameworks";
				PRODUCT_BUNDLE_IDENTIFIER = com.scottmetoyer.iradix;
				PRODUCT_NAME = "$(TARGET_NAME)";
			};
			name = Release;
		};
/* End XCBuildConfiguration section */

/* Begin XCConfigurationList section */
		D2232C011D03EC7C00236795 /* Build configuration list for PBXProject "iradix" */ = {
			isa = XCConfigurationList;
			buildConfigurations = (
				D2232C161D03EC7D00236795 /* Debug */,
				D2232C171D03EC7D00236795 /* Release */,
			);
			defaultConfigurationIsVisible = 0;
			defaultConfigurationName = Release;
		};
		D2232C181D03EC7D00236795 /* Build configuration list for PBXNativeTarget "iradix" */ = {
			isa = XCConfigurationList;
			buildConfigurations = (
				D2232C191D03EC7D00236795 /* Debug */,
				D2232C1A1D03EC7D00236795 /* Release */,
			);
			defaultConfigurationIsVisible = 0;
			defaultConfigurationName = Release;
		};
/* End XCConfigurationList section */
	};
	rootObject = D2232BFE1D03EC7C00236795 /* Project object */;
}
